PODS:
  - Alamofire (4.7.1)
  - BlueSocket (0.12.90)
  - Dip (6.0)
  - FontAwesome.swift (1.3.2)
  - IQKeyboardManagerSwift (5.0.7)
  - PromiseKit (4.5.0):
    - PromiseKit/Foundation (= 4.5.0)
    - PromiseKit/QuartzCore (= 4.5.0)
    - PromiseKit/UIKit (= 4.5.0)
  - PromiseKit/CorePromise (4.5.0)
  - PromiseKit/Foundation (4.5.0):
    - PromiseKit/CorePromise
  - PromiseKit/QuartzCore (4.5.0):
    - PromiseKit/CorePromise
  - PromiseKit/UIKit (4.5.0):
    - PromiseKit/CorePromise
  - QRCode (2.0)
  - QRCodeReader.swift (8.0.4)
  - SkyFloatingLabelTextField (3.4.0)
  - SnapKit (4.0.0)
  - Starscream (3.0.3)
  - SwiftKeychainWrapper (3.0.1)
  - SwiftSocket (2.0.2)
  - SwiftSoup (1.6.1)
  - SwiftyJSON (4.0.0)

DEPENDENCIES:
  - Alamofire (~> 4.7)
  - BlueSocket
  - Dip
  - FontAwesome.swift
  - IQKeyboardManagerSwift
  - PromiseKit (~> 4.4)
  - QRCode
  - QRCodeReader.swift (~> 8.0.3)
  - SkyFloatingLabelTextField (~> 3.0)
  - SnapKit (~> 4.0.0)
  - Starscream (~> 3.0.2)
  - SwiftKeychainWrapper
  - SwiftSocket
  - SwiftSoup
  - SwiftyJSON

SPEC CHECKSUMS:
  Alamofire: 68d7d521118d49c615a8d2214d87cdf525599d30
  BlueSocket: 6afbda86bc6e06571db9c9ab9fe880c5a069f65b
  Dip: 316ad036509eaf3ef78e19699f32a9e01a5b3c3e
  FontAwesome.swift: b4e4c8ccbbecb12f9b592bc533ff237af3706667
  IQKeyboardManagerSwift: 30fb3a61de1af53a95e02b80fb54ed0a19d5ede5
  PromiseKit: 9c1d9f6d7b65e3951a90bea7f407c56972be5d8e
  QRCode: f98a1886c8f37523704a7512a4c0cd45b34c18a4
  QRCodeReader.swift: 9730cfa7ed5f0dd839765df8cf18d41db20e4081
  SkyFloatingLabelTextField: 703aa1420b697392b1e7dba25571180dde018477
  SnapKit: a42d492c16e80209130a3379f73596c3454b7694
  Starscream: dfb1b3f39506717ee52b67fb48de0c8269504cbc
  SwiftKeychainWrapper: 38952a3636320ae61bad3513cadd870929de7a4a
  SwiftSocket: 6f4c9c63fbc5c1d61188936bb3c599fd546f40ae
  SwiftSoup: 1eedf56f751b36035ae6c95562f86944c9cfafee
  SwiftyJSON: 070dabdcb1beb81b247c65ffa3a79dbbfb3b48aa

PODFILE CHECKSUM: c684f356475c14763130713880b9e71d5329a4d9

COCOAPODS: 1.4.0
